
Microsoft Visual Studio Solution File, Format Version 12.00
# Visual Studio 14
VisualStudioVersion = 14.0.22823.1
MinimumVisualStudioVersion = 10.0.40219.1
Project("{2150E333-8FDC-42A3-9474-1A3956D46DE8}") = "src", "src", "{97F7D93B-ACC7-42EE-88D0-DE2C77C1964D}"
EndProject
Project("{2150E333-8FDC-42A3-9474-1A3956D46DE8}") = "Solution Items", "Solution Items", "{65B3F020-CF64-4A99-A2FF-FAD378C862FB}"
	ProjectSection(SolutionItems) = preProject
		global.json = global.json
	EndProjectSection
EndProject
Project("{2150E333-8FDC-42A3-9474-1A3956D46DE8}") = "tests", "tests", "{E0B6152D-4921-4A22-ACD9-4FD39AD8E8C2}"
EndProject
Project("{FAE04EC0-301F-11D3-BF4B-00C04F79EFBC}") = "PeopleSearch.Wpf.Client", "src\PeopleSearch.Wpf.Client\PeopleSearch.Wpf.Client.csproj", "{5DD29466-65A6-468D-B544-A6D600F4F288}"
EndProject
Project("{2150E333-8FDC-42A3-9474-1A3956D46DE8}") = "server", "server", "{635A68FC-B9B4-4309-A38F-F1694E554CC6}"
EndProject
Project("{2150E333-8FDC-42A3-9474-1A3956D46DE8}") = "client", "client", "{245A8AB7-A323-44D9-AAFE-D2F5B7189C27}"
EndProject
Project("{2150E333-8FDC-42A3-9474-1A3956D46DE8}") = "server", "server", "{110ACF0D-B3BE-4CC5-852C-25099B9415DD}"
EndProject
Project("{2150E333-8FDC-42A3-9474-1A3956D46DE8}") = "common", "common", "{D7AC2CDA-BBDD-4B4C-B744-5A6489F691D0}"
EndProject
Project("{2150E333-8FDC-42A3-9474-1A3956D46DE8}") = "client", "client", "{8758399F-7258-487C-B63F-0228BA593E65}"
EndProject
Project("{FAE04EC0-301F-11D3-BF4B-00C04F79EFBC}") = "PeopleSearch.Data", "src\PeopleSearch.Data\PeopleSearch.Data.csproj", "{E9422851-C700-4C1D-92A1-322076F208E4}"
EndProject
Project("{2150E333-8FDC-42A3-9474-1A3956D46DE8}") = "common", "common", "{85EC091F-02FE-4146-A33F-BDA12EFEDC55}"
EndProject
Project("{FAE04EC0-301F-11D3-BF4B-00C04F79EFBC}") = "PeopleSearch.Core", "src\PeopleSearch.Core\PeopleSearch.Core.csproj", "{762C1B32-C5ED-47CF-B25C-9FFD647D931C}"
EndProject
Project("{FAE04EC0-301F-11D3-BF4B-00C04F79EFBC}") = "PeopleSearch.Wpf.Client.UnitTests", "src\PeopleSearch.Wpf.Client.UnitTests\PeopleSearch.Wpf.Client.UnitTests.csproj", "{439016C9-A656-4070-9827-EC1BF3066DF2}"
EndProject
Project("{FAE04EC0-301F-11D3-BF4B-00C04F79EFBC}") = "PeopleSearch.Core.UnitTests", "src\PeopleSearch.Core.UnitTests\PeopleSearch.Core.UnitTests.csproj", "{B67B593F-53DA-4D18-88E0-29428D426512}"
EndProject
Project("{FAE04EC0-301F-11D3-BF4B-00C04F79EFBC}") = "PeopleSearch.Data.UnitTests", "src\PeopleSearch.Data.UnitTests\PeopleSearch.Data.UnitTests.csproj", "{B7B86B8D-86AF-4553-82C3-05B05C0E2F7E}"
EndProject
Global
	GlobalSection(SolutionConfigurationPlatforms) = preSolution
		Debug|Any CPU = Debug|Any CPU
		Debug|ARM = Debug|ARM
		Debug|x64 = Debug|x64
		Debug|x86 = Debug|x86
		Release|Any CPU = Release|Any CPU
		Release|ARM = Release|ARM
		Release|x64 = Release|x64
		Release|x86 = Release|x86
	EndGlobalSection
	GlobalSection(ProjectConfigurationPlatforms) = postSolution
		{5DD29466-65A6-468D-B544-A6D600F4F288}.Debug|Any CPU.ActiveCfg = Debug|Any CPU
		{5DD29466-65A6-468D-B544-A6D600F4F288}.Debug|Any CPU.Build.0 = Debug|Any CPU
		{5DD29466-65A6-468D-B544-A6D600F4F288}.Debug|ARM.ActiveCfg = Debug|Any CPU
		{5DD29466-65A6-468D-B544-A6D600F4F288}.Debug|ARM.Build.0 = Debug|Any CPU
		{5DD29466-65A6-468D-B544-A6D600F4F288}.Debug|x64.ActiveCfg = Debug|Any CPU
		{5DD29466-65A6-468D-B544-A6D600F4F288}.Debug|x64.Build.0 = Debug|Any CPU
		{5DD29466-65A6-468D-B544-A6D600F4F288}.Debug|x86.ActiveCfg = Debug|Any CPU
		{5DD29466-65A6-468D-B544-A6D600F4F288}.Debug|x86.Build.0 = Debug|Any CPU
		{5DD29466-65A6-468D-B544-A6D600F4F288}.Release|Any CPU.ActiveCfg = Release|Any CPU
		{5DD29466-65A6-468D-B544-A6D600F4F288}.Release|Any CPU.Build.0 = Release|Any CPU
		{5DD29466-65A6-468D-B544-A6D600F4F288}.Release|ARM.ActiveCfg = Release|Any CPU
		{5DD29466-65A6-468D-B544-A6D600F4F288}.Release|ARM.Build.0 = Release|Any CPU
		{5DD29466-65A6-468D-B544-A6D600F4F288}.Release|x64.ActiveCfg = Release|Any CPU
		{5DD29466-65A6-468D-B544-A6D600F4F288}.Release|x64.Build.0 = Release|Any CPU
		{5DD29466-65A6-468D-B544-A6D600F4F288}.Release|x86.ActiveCfg = Release|Any CPU
		{5DD29466-65A6-468D-B544-A6D600F4F288}.Release|x86.Build.0 = Release|Any CPU
		{E9422851-C700-4C1D-92A1-322076F208E4}.Debug|Any CPU.ActiveCfg = Debug|Any CPU
		{E9422851-C700-4C1D-92A1-322076F208E4}.Debug|Any CPU.Build.0 = Debug|Any CPU
		{E9422851-C700-4C1D-92A1-322076F208E4}.Debug|ARM.ActiveCfg = Debug|Any CPU
		{E9422851-C700-4C1D-92A1-322076F208E4}.Debug|ARM.Build.0 = Debug|Any CPU
		{E9422851-C700-4C1D-92A1-322076F208E4}.Debug|x64.ActiveCfg = Debug|Any CPU
		{E9422851-C700-4C1D-92A1-322076F208E4}.Debug|x64.Build.0 = Debug|Any CPU
		{E9422851-C700-4C1D-92A1-322076F208E4}.Debug|x86.ActiveCfg = Debug|Any CPU
		{E9422851-C700-4C1D-92A1-322076F208E4}.Debug|x86.Build.0 = Debug|Any CPU
		{E9422851-C700-4C1D-92A1-322076F208E4}.Release|Any CPU.ActiveCfg = Release|Any CPU
		{E9422851-C700-4C1D-92A1-322076F208E4}.Release|Any CPU.Build.0 = Release|Any CPU
		{E9422851-C700-4C1D-92A1-322076F208E4}.Release|ARM.ActiveCfg = Release|Any CPU
		{E9422851-C700-4C1D-92A1-322076F208E4}.Release|ARM.Build.0 = Release|Any CPU
		{E9422851-C700-4C1D-92A1-322076F208E4}.Release|x64.ActiveCfg = Release|Any CPU
		{E9422851-C700-4C1D-92A1-322076F208E4}.Release|x64.Build.0 = Release|Any CPU
		{E9422851-C700-4C1D-92A1-322076F208E4}.Release|x86.ActiveCfg = Release|Any CPU
		{E9422851-C700-4C1D-92A1-322076F208E4}.Release|x86.Build.0 = Release|Any CPU
		{762C1B32-C5ED-47CF-B25C-9FFD647D931C}.Debug|Any CPU.ActiveCfg = Debug|Any CPU
		{762C1B32-C5ED-47CF-B25C-9FFD647D931C}.Debug|Any CPU.Build.0 = Debug|Any CPU
		{762C1B32-C5ED-47CF-B25C-9FFD647D931C}.Debug|ARM.ActiveCfg = Debug|Any CPU
		{762C1B32-C5ED-47CF-B25C-9FFD647D931C}.Debug|ARM.Build.0 = Debug|Any CPU
		{762C1B32-C5ED-47CF-B25C-9FFD647D931C}.Debug|x64.ActiveCfg = Debug|Any CPU
		{762C1B32-C5ED-47CF-B25C-9FFD647D931C}.Debug|x64.Build.0 = Debug|Any CPU
		{762C1B32-C5ED-47CF-B25C-9FFD647D931C}.Debug|x86.ActiveCfg = Debug|Any CPU
		{762C1B32-C5ED-47CF-B25C-9FFD647D931C}.Debug|x86.Build.0 = Debug|Any CPU
		{762C1B32-C5ED-47CF-B25C-9FFD647D931C}.Release|Any CPU.ActiveCfg = Release|Any CPU
		{762C1B32-C5ED-47CF-B25C-9FFD647D931C}.Release|Any CPU.Build.0 = Release|Any CPU
		{762C1B32-C5ED-47CF-B25C-9FFD647D931C}.Release|ARM.ActiveCfg = Release|Any CPU
		{762C1B32-C5ED-47CF-B25C-9FFD647D931C}.Release|ARM.Build.0 = Release|Any CPU
		{762C1B32-C5ED-47CF-B25C-9FFD647D931C}.Release|x64.ActiveCfg = Release|Any CPU
		{762C1B32-C5ED-47CF-B25C-9FFD647D931C}.Release|x64.Build.0 = Release|Any CPU
		{762C1B32-C5ED-47CF-B25C-9FFD647D931C}.Release|x86.ActiveCfg = Release|Any CPU
		{762C1B32-C5ED-47CF-B25C-9FFD647D931C}.Release|x86.Build.0 = Release|Any CPU
		{439016C9-A656-4070-9827-EC1BF3066DF2}.Debug|Any CPU.ActiveCfg = Debug|Any CPU
		{439016C9-A656-4070-9827-EC1BF3066DF2}.Debug|Any CPU.Build.0 = Debug|Any CPU
		{439016C9-A656-4070-9827-EC1BF3066DF2}.Debug|ARM.ActiveCfg = Debug|Any CPU
		{439016C9-A656-4070-9827-EC1BF3066DF2}.Debug|ARM.Build.0 = Debug|Any CPU
		{439016C9-A656-4070-9827-EC1BF3066DF2}.Debug|x64.ActiveCfg = Debug|Any CPU
		{439016C9-A656-4070-9827-EC1BF3066DF2}.Debug|x64.Build.0 = Debug|Any CPU
		{439016C9-A656-4070-9827-EC1BF3066DF2}.Debug|x86.ActiveCfg = Debug|Any CPU
		{439016C9-A656-4070-9827-EC1BF3066DF2}.Debug|x86.Build.0 = Debug|Any CPU
		{439016C9-A656-4070-9827-EC1BF3066DF2}.Release|Any CPU.ActiveCfg = Release|Any CPU
		{439016C9-A656-4070-9827-EC1BF3066DF2}.Release|Any CPU.Build.0 = Release|Any CPU
		{439016C9-A656-4070-9827-EC1BF3066DF2}.Release|ARM.ActiveCfg = Release|Any CPU
		{439016C9-A656-4070-9827-EC1BF3066DF2}.Release|ARM.Build.0 = Release|Any CPU
		{439016C9-A656-4070-9827-EC1BF3066DF2}.Release|x64.ActiveCfg = Release|Any CPU
		{439016C9-A656-4070-9827-EC1BF3066DF2}.Release|x64.Build.0 = Release|Any CPU
		{439016C9-A656-4070-9827-EC1BF3066DF2}.Release|x86.ActiveCfg = Release|Any CPU
		{439016C9-A656-4070-9827-EC1BF3066DF2}.Release|x86.Build.0 = Release|Any CPU
		{B67B593F-53DA-4D18-88E0-29428D426512}.Debug|Any CPU.ActiveCfg = Debug|Any CPU
		{B67B593F-53DA-4D18-88E0-29428D426512}.Debug|Any CPU.Build.0 = Debug|Any CPU
		{B67B593F-53DA-4D18-88E0-29428D426512}.Debug|ARM.ActiveCfg = Debug|Any CPU
		{B67B593F-53DA-4D18-88E0-29428D426512}.Debug|ARM.Build.0 = Debug|Any CPU
		{B67B593F-53DA-4D18-88E0-29428D426512}.Debug|x64.ActiveCfg = Debug|Any CPU
		{B67B593F-53DA-4D18-88E0-29428D426512}.Debug|x64.Build.0 = Debug|Any CPU
		{B67B593F-53DA-4D18-88E0-29428D426512}.Debug|x86.ActiveCfg = Debug|Any CPU
		{B67B593F-53DA-4D18-88E0-29428D426512}.Debug|x86.Build.0 = Debug|Any CPU
		{B67B593F-53DA-4D18-88E0-29428D426512}.Release|Any CPU.ActiveCfg = Release|Any CPU
		{B67B593F-53DA-4D18-88E0-29428D426512}.Release|Any CPU.Build.0 = Release|Any CPU
		{B67B593F-53DA-4D18-88E0-29428D426512}.Release|ARM.ActiveCfg = Release|Any CPU
		{B67B593F-53DA-4D18-88E0-29428D426512}.Release|ARM.Build.0 = Release|Any CPU
		{B67B593F-53DA-4D18-88E0-29428D426512}.Release|x64.ActiveCfg = Release|Any CPU
		{B67B593F-53DA-4D18-88E0-29428D426512}.Release|x64.Build.0 = Release|Any CPU
		{B67B593F-53DA-4D18-88E0-29428D426512}.Release|x86.ActiveCfg = Release|Any CPU
		{B67B593F-53DA-4D18-88E0-29428D426512}.Release|x86.Build.0 = Release|Any CPU
		{B7B86B8D-86AF-4553-82C3-05B05C0E2F7E}.Debug|Any CPU.ActiveCfg = Debug|Any CPU
		{B7B86B8D-86AF-4553-82C3-05B05C0E2F7E}.Debug|Any CPU.Build.0 = Debug|Any CPU
		{B7B86B8D-86AF-4553-82C3-05B05C0E2F7E}.Debug|ARM.ActiveCfg = Debug|Any CPU
		{B7B86B8D-86AF-4553-82C3-05B05C0E2F7E}.Debug|ARM.Build.0 = Debug|Any CPU
		{B7B86B8D-86AF-4553-82C3-05B05C0E2F7E}.Debug|x64.ActiveCfg = Debug|Any CPU
		{B7B86B8D-86AF-4553-82C3-05B05C0E2F7E}.Debug|x64.Build.0 = Debug|Any CPU
		{B7B86B8D-86AF-4553-82C3-05B05C0E2F7E}.Debug|x86.ActiveCfg = Debug|Any CPU
		{B7B86B8D-86AF-4553-82C3-05B05C0E2F7E}.Debug|x86.Build.0 = Debug|Any CPU
		{B7B86B8D-86AF-4553-82C3-05B05C0E2F7E}.Release|Any CPU.ActiveCfg = Release|Any CPU
		{B7B86B8D-86AF-4553-82C3-05B05C0E2F7E}.Release|Any CPU.Build.0 = Release|Any CPU
		{B7B86B8D-86AF-4553-82C3-05B05C0E2F7E}.Release|ARM.ActiveCfg = Release|Any CPU
		{B7B86B8D-86AF-4553-82C3-05B05C0E2F7E}.Release|ARM.Build.0 = Release|Any CPU
		{B7B86B8D-86AF-4553-82C3-05B05C0E2F7E}.Release|x64.ActiveCfg = Release|Any CPU
		{B7B86B8D-86AF-4553-82C3-05B05C0E2F7E}.Release|x64.Build.0 = Release|Any CPU
		{B7B86B8D-86AF-4553-82C3-05B05C0E2F7E}.Release|x86.ActiveCfg = Release|Any CPU
		{B7B86B8D-86AF-4553-82C3-05B05C0E2F7E}.Release|x86.Build.0 = Release|Any CPU
	EndGlobalSection
	GlobalSection(SolutionProperties) = preSolution
		HideSolutionNode = FALSE
	EndGlobalSection
	GlobalSection(NestedProjects) = preSolution
		{5DD29466-65A6-468D-B544-A6D600F4F288} = {245A8AB7-A323-44D9-AAFE-D2F5B7189C27}
		{635A68FC-B9B4-4309-A38F-F1694E554CC6} = {97F7D93B-ACC7-42EE-88D0-DE2C77C1964D}
		{245A8AB7-A323-44D9-AAFE-D2F5B7189C27} = {97F7D93B-ACC7-42EE-88D0-DE2C77C1964D}
		{110ACF0D-B3BE-4CC5-852C-25099B9415DD} = {E0B6152D-4921-4A22-ACD9-4FD39AD8E8C2}
		{D7AC2CDA-BBDD-4B4C-B744-5A6489F691D0} = {97F7D93B-ACC7-42EE-88D0-DE2C77C1964D}
		{8758399F-7258-487C-B63F-0228BA593E65} = {E0B6152D-4921-4A22-ACD9-4FD39AD8E8C2}
		{E9422851-C700-4C1D-92A1-322076F208E4} = {D7AC2CDA-BBDD-4B4C-B744-5A6489F691D0}
		{85EC091F-02FE-4146-A33F-BDA12EFEDC55} = {E0B6152D-4921-4A22-ACD9-4FD39AD8E8C2}
		{762C1B32-C5ED-47CF-B25C-9FFD647D931C} = {D7AC2CDA-BBDD-4B4C-B744-5A6489F691D0}
		{439016C9-A656-4070-9827-EC1BF3066DF2} = {8758399F-7258-487C-B63F-0228BA593E65}
		{B67B593F-53DA-4D18-88E0-29428D426512} = {85EC091F-02FE-4146-A33F-BDA12EFEDC55}
		{B7B86B8D-86AF-4553-82C3-05B05C0E2F7E} = {85EC091F-02FE-4146-A33F-BDA12EFEDC55}
	EndGlobalSection
EndGlobal
