
Microsoft Visual Studio Solution File, Format Version 12.00
# Visual Studio 14
VisualStudioVersion = 14.0.22823.1
MinimumVisualStudioVersion = 10.0.40219.1
Project("{2150E333-8FDC-42A3-9474-1A3956D46DE8}") = "src", "src", "{97F7D93B-ACC7-42EE-88D0-DE2C77C1964D}"
EndProject
Project("{2150E333-8FDC-42A3-9474-1A3956D46DE8}") = "Solution Items", "Solution Items", "{65B3F020-CF64-4A99-A2FF-FAD378C862FB}"
	ProjectSection(SolutionItems) = preProject
		global.json = global.json
	EndProjectSection
EndProject
Project("{8BB2217D-0F2D-49D1-97BC-3654ED321F3B}") = "PeopleSearch.WebApi", "src\PeopleSearch.WebApi\PeopleSearch.WebApi.xproj", "{BD24CE0F-64F8-401F-B4F8-9A90AE5519C0}"
EndProject
Project("{8BB2217D-0F2D-49D1-97BC-3654ED321F3B}") = "PeopleSearch.WebApi.Data", "src\PeopleSearch.WebApi.Data\PeopleSearch.WebApi.Data.xproj", "{1BF8837E-F134-4DEC-B579-8B55987806BB}"
EndProject
Project("{2150E333-8FDC-42A3-9474-1A3956D46DE8}") = "tests", "tests", "{E0B6152D-4921-4A22-ACD9-4FD39AD8E8C2}"
EndProject
Project("{8BB2217D-0F2D-49D1-97BC-3654ED321F3B}") = "PeopleSearch.WebApi.UnitTests", "PeopleSearch.WebApi.UnitTests\PeopleSearch.WebApi.UnitTests.xproj", "{BEF616AC-85F6-4E78-9203-1B702436DA3E}"
EndProject
Project("{8BB2217D-0F2D-49D1-97BC-3654ED321F3B}") = "PeopleSearch.WebApi.Data.UnitTests", "PeopleSearch.WebApi.Data.UnitTests\PeopleSearch.WebApi.Data.UnitTests.xproj", "{066BEA3C-2210-4E2B-B3F1-8CD598FDE85B}"
EndProject
Project("{FAE04EC0-301F-11D3-BF4B-00C04F79EFBC}") = "PeopleSearch.Wpf.Client", "PeopleSearch.Wpf.Client\PeopleSearch.Wpf.Client.csproj", "{5DD29466-65A6-468D-B544-A6D600F4F288}"
EndProject
Project("{2150E333-8FDC-42A3-9474-1A3956D46DE8}") = "server", "server", "{635A68FC-B9B4-4309-A38F-F1694E554CC6}"
EndProject
Project("{2150E333-8FDC-42A3-9474-1A3956D46DE8}") = "client", "client", "{245A8AB7-A323-44D9-AAFE-D2F5B7189C27}"
EndProject
Project("{2150E333-8FDC-42A3-9474-1A3956D46DE8}") = "server", "server", "{110ACF0D-B3BE-4CC5-852C-25099B9415DD}"
EndProject
Project("{FAE04EC0-301F-11D3-BF4B-00C04F79EFBC}") = "PeopleSearch.Common", "PeopleSearch.Common\PeopleSearch.Common.csproj", "{E4AA10D6-0C34-4F0D-B249-9CB68B62268D}"
EndProject
Project("{FAE04EC0-301F-11D3-BF4B-00C04F79EFBC}") = "PeopleSearch.Model", "PeopleSearch.Model\PeopleSearch.Model.csproj", "{20F77714-9A40-436C-BCB6-1DEF6531A9E5}"
EndProject
Project("{2150E333-8FDC-42A3-9474-1A3956D46DE8}") = "common", "common", "{D7AC2CDA-BBDD-4B4C-B744-5A6489F691D0}"
EndProject
Project("{FAE04EC0-301F-11D3-BF4B-00C04F79EFBC}") = "PeopleSearch.Entities", "PeopleSearch.Entities\PeopleSearch.Entities.csproj", "{CC0806AA-2E97-4E91-818D-0C8978686ED0}"
EndProject
Project("{FAE04EC0-301F-11D3-BF4B-00C04F79EFBC}") = "PeopleSearch.ViewModel", "PeopleSearch.ViewModel\PeopleSearch.ViewModel.csproj", "{7691D3D2-BC6F-4A96-95EF-5DB532DE72C8}"
EndProject
Global
	GlobalSection(SolutionConfigurationPlatforms) = preSolution
		Debug|Any CPU = Debug|Any CPU
		Debug|ARM = Debug|ARM
		Debug|x64 = Debug|x64
		Debug|x86 = Debug|x86
		Release|Any CPU = Release|Any CPU
		Release|ARM = Release|ARM
		Release|x64 = Release|x64
		Release|x86 = Release|x86
	EndGlobalSection
	GlobalSection(ProjectConfigurationPlatforms) = postSolution
		{BD24CE0F-64F8-401F-B4F8-9A90AE5519C0}.Debug|Any CPU.ActiveCfg = Debug|Any CPU
		{BD24CE0F-64F8-401F-B4F8-9A90AE5519C0}.Debug|Any CPU.Build.0 = Debug|Any CPU
		{BD24CE0F-64F8-401F-B4F8-9A90AE5519C0}.Debug|ARM.ActiveCfg = Debug|Any CPU
		{BD24CE0F-64F8-401F-B4F8-9A90AE5519C0}.Debug|ARM.Build.0 = Debug|Any CPU
		{BD24CE0F-64F8-401F-B4F8-9A90AE5519C0}.Debug|x64.ActiveCfg = Debug|Any CPU
		{BD24CE0F-64F8-401F-B4F8-9A90AE5519C0}.Debug|x64.Build.0 = Debug|Any CPU
		{BD24CE0F-64F8-401F-B4F8-9A90AE5519C0}.Debug|x86.ActiveCfg = Debug|Any CPU
		{BD24CE0F-64F8-401F-B4F8-9A90AE5519C0}.Debug|x86.Build.0 = Debug|Any CPU
		{BD24CE0F-64F8-401F-B4F8-9A90AE5519C0}.Release|Any CPU.ActiveCfg = Release|Any CPU
		{BD24CE0F-64F8-401F-B4F8-9A90AE5519C0}.Release|Any CPU.Build.0 = Release|Any CPU
		{BD24CE0F-64F8-401F-B4F8-9A90AE5519C0}.Release|ARM.ActiveCfg = Release|Any CPU
		{BD24CE0F-64F8-401F-B4F8-9A90AE5519C0}.Release|ARM.Build.0 = Release|Any CPU
		{BD24CE0F-64F8-401F-B4F8-9A90AE5519C0}.Release|x64.ActiveCfg = Release|Any CPU
		{BD24CE0F-64F8-401F-B4F8-9A90AE5519C0}.Release|x64.Build.0 = Release|Any CPU
		{BD24CE0F-64F8-401F-B4F8-9A90AE5519C0}.Release|x86.ActiveCfg = Release|Any CPU
		{BD24CE0F-64F8-401F-B4F8-9A90AE5519C0}.Release|x86.Build.0 = Release|Any CPU
		{1BF8837E-F134-4DEC-B579-8B55987806BB}.Debug|Any CPU.ActiveCfg = Debug|Any CPU
		{1BF8837E-F134-4DEC-B579-8B55987806BB}.Debug|Any CPU.Build.0 = Debug|Any CPU
		{1BF8837E-F134-4DEC-B579-8B55987806BB}.Debug|ARM.ActiveCfg = Debug|Any CPU
		{1BF8837E-F134-4DEC-B579-8B55987806BB}.Debug|ARM.Build.0 = Debug|Any CPU
		{1BF8837E-F134-4DEC-B579-8B55987806BB}.Debug|x64.ActiveCfg = Debug|Any CPU
		{1BF8837E-F134-4DEC-B579-8B55987806BB}.Debug|x64.Build.0 = Debug|Any CPU
		{1BF8837E-F134-4DEC-B579-8B55987806BB}.Debug|x86.ActiveCfg = Debug|Any CPU
		{1BF8837E-F134-4DEC-B579-8B55987806BB}.Debug|x86.Build.0 = Debug|Any CPU
		{1BF8837E-F134-4DEC-B579-8B55987806BB}.Release|Any CPU.ActiveCfg = Release|Any CPU
		{1BF8837E-F134-4DEC-B579-8B55987806BB}.Release|Any CPU.Build.0 = Release|Any CPU
		{1BF8837E-F134-4DEC-B579-8B55987806BB}.Release|ARM.ActiveCfg = Release|Any CPU
		{1BF8837E-F134-4DEC-B579-8B55987806BB}.Release|ARM.Build.0 = Release|Any CPU
		{1BF8837E-F134-4DEC-B579-8B55987806BB}.Release|x64.ActiveCfg = Release|Any CPU
		{1BF8837E-F134-4DEC-B579-8B55987806BB}.Release|x64.Build.0 = Release|Any CPU
		{1BF8837E-F134-4DEC-B579-8B55987806BB}.Release|x86.ActiveCfg = Release|Any CPU
		{1BF8837E-F134-4DEC-B579-8B55987806BB}.Release|x86.Build.0 = Release|Any CPU
		{BEF616AC-85F6-4E78-9203-1B702436DA3E}.Debug|Any CPU.ActiveCfg = Debug|Any CPU
		{BEF616AC-85F6-4E78-9203-1B702436DA3E}.Debug|Any CPU.Build.0 = Debug|Any CPU
		{BEF616AC-85F6-4E78-9203-1B702436DA3E}.Debug|ARM.ActiveCfg = Debug|Any CPU
		{BEF616AC-85F6-4E78-9203-1B702436DA3E}.Debug|ARM.Build.0 = Debug|Any CPU
		{BEF616AC-85F6-4E78-9203-1B702436DA3E}.Debug|x64.ActiveCfg = Debug|Any CPU
		{BEF616AC-85F6-4E78-9203-1B702436DA3E}.Debug|x64.Build.0 = Debug|Any CPU
		{BEF616AC-85F6-4E78-9203-1B702436DA3E}.Debug|x86.ActiveCfg = Debug|Any CPU
		{BEF616AC-85F6-4E78-9203-1B702436DA3E}.Debug|x86.Build.0 = Debug|Any CPU
		{BEF616AC-85F6-4E78-9203-1B702436DA3E}.Release|Any CPU.ActiveCfg = Release|Any CPU
		{BEF616AC-85F6-4E78-9203-1B702436DA3E}.Release|Any CPU.Build.0 = Release|Any CPU
		{BEF616AC-85F6-4E78-9203-1B702436DA3E}.Release|ARM.ActiveCfg = Release|Any CPU
		{BEF616AC-85F6-4E78-9203-1B702436DA3E}.Release|ARM.Build.0 = Release|Any CPU
		{BEF616AC-85F6-4E78-9203-1B702436DA3E}.Release|x64.ActiveCfg = Release|Any CPU
		{BEF616AC-85F6-4E78-9203-1B702436DA3E}.Release|x64.Build.0 = Release|Any CPU
		{BEF616AC-85F6-4E78-9203-1B702436DA3E}.Release|x86.ActiveCfg = Release|Any CPU
		{BEF616AC-85F6-4E78-9203-1B702436DA3E}.Release|x86.Build.0 = Release|Any CPU
		{066BEA3C-2210-4E2B-B3F1-8CD598FDE85B}.Debug|Any CPU.ActiveCfg = Debug|Any CPU
		{066BEA3C-2210-4E2B-B3F1-8CD598FDE85B}.Debug|Any CPU.Build.0 = Debug|Any CPU
		{066BEA3C-2210-4E2B-B3F1-8CD598FDE85B}.Debug|ARM.ActiveCfg = Debug|Any CPU
		{066BEA3C-2210-4E2B-B3F1-8CD598FDE85B}.Debug|ARM.Build.0 = Debug|Any CPU
		{066BEA3C-2210-4E2B-B3F1-8CD598FDE85B}.Debug|x64.ActiveCfg = Debug|Any CPU
		{066BEA3C-2210-4E2B-B3F1-8CD598FDE85B}.Debug|x64.Build.0 = Debug|Any CPU
		{066BEA3C-2210-4E2B-B3F1-8CD598FDE85B}.Debug|x86.ActiveCfg = Debug|Any CPU
		{066BEA3C-2210-4E2B-B3F1-8CD598FDE85B}.Debug|x86.Build.0 = Debug|Any CPU
		{066BEA3C-2210-4E2B-B3F1-8CD598FDE85B}.Release|Any CPU.ActiveCfg = Release|Any CPU
		{066BEA3C-2210-4E2B-B3F1-8CD598FDE85B}.Release|Any CPU.Build.0 = Release|Any CPU
		{066BEA3C-2210-4E2B-B3F1-8CD598FDE85B}.Release|ARM.ActiveCfg = Release|Any CPU
		{066BEA3C-2210-4E2B-B3F1-8CD598FDE85B}.Release|ARM.Build.0 = Release|Any CPU
		{066BEA3C-2210-4E2B-B3F1-8CD598FDE85B}.Release|x64.ActiveCfg = Release|Any CPU
		{066BEA3C-2210-4E2B-B3F1-8CD598FDE85B}.Release|x64.Build.0 = Release|Any CPU
		{066BEA3C-2210-4E2B-B3F1-8CD598FDE85B}.Release|x86.ActiveCfg = Release|Any CPU
		{066BEA3C-2210-4E2B-B3F1-8CD598FDE85B}.Release|x86.Build.0 = Release|Any CPU
		{5DD29466-65A6-468D-B544-A6D600F4F288}.Debug|Any CPU.ActiveCfg = Debug|Any CPU
		{5DD29466-65A6-468D-B544-A6D600F4F288}.Debug|Any CPU.Build.0 = Debug|Any CPU
		{5DD29466-65A6-468D-B544-A6D600F4F288}.Debug|ARM.ActiveCfg = Debug|Any CPU
		{5DD29466-65A6-468D-B544-A6D600F4F288}.Debug|ARM.Build.0 = Debug|Any CPU
		{5DD29466-65A6-468D-B544-A6D600F4F288}.Debug|x64.ActiveCfg = Debug|Any CPU
		{5DD29466-65A6-468D-B544-A6D600F4F288}.Debug|x64.Build.0 = Debug|Any CPU
		{5DD29466-65A6-468D-B544-A6D600F4F288}.Debug|x86.ActiveCfg = Debug|Any CPU
		{5DD29466-65A6-468D-B544-A6D600F4F288}.Debug|x86.Build.0 = Debug|Any CPU
		{5DD29466-65A6-468D-B544-A6D600F4F288}.Release|Any CPU.ActiveCfg = Release|Any CPU
		{5DD29466-65A6-468D-B544-A6D600F4F288}.Release|Any CPU.Build.0 = Release|Any CPU
		{5DD29466-65A6-468D-B544-A6D600F4F288}.Release|ARM.ActiveCfg = Release|Any CPU
		{5DD29466-65A6-468D-B544-A6D600F4F288}.Release|ARM.Build.0 = Release|Any CPU
		{5DD29466-65A6-468D-B544-A6D600F4F288}.Release|x64.ActiveCfg = Release|Any CPU
		{5DD29466-65A6-468D-B544-A6D600F4F288}.Release|x64.Build.0 = Release|Any CPU
		{5DD29466-65A6-468D-B544-A6D600F4F288}.Release|x86.ActiveCfg = Release|Any CPU
		{5DD29466-65A6-468D-B544-A6D600F4F288}.Release|x86.Build.0 = Release|Any CPU
		{E4AA10D6-0C34-4F0D-B249-9CB68B62268D}.Debug|Any CPU.ActiveCfg = Debug|Any CPU
		{E4AA10D6-0C34-4F0D-B249-9CB68B62268D}.Debug|Any CPU.Build.0 = Debug|Any CPU
		{E4AA10D6-0C34-4F0D-B249-9CB68B62268D}.Debug|ARM.ActiveCfg = Debug|Any CPU
		{E4AA10D6-0C34-4F0D-B249-9CB68B62268D}.Debug|ARM.Build.0 = Debug|Any CPU
		{E4AA10D6-0C34-4F0D-B249-9CB68B62268D}.Debug|x64.ActiveCfg = Debug|Any CPU
		{E4AA10D6-0C34-4F0D-B249-9CB68B62268D}.Debug|x64.Build.0 = Debug|Any CPU
		{E4AA10D6-0C34-4F0D-B249-9CB68B62268D}.Debug|x86.ActiveCfg = Debug|Any CPU
		{E4AA10D6-0C34-4F0D-B249-9CB68B62268D}.Debug|x86.Build.0 = Debug|Any CPU
		{E4AA10D6-0C34-4F0D-B249-9CB68B62268D}.Release|Any CPU.ActiveCfg = Release|Any CPU
		{E4AA10D6-0C34-4F0D-B249-9CB68B62268D}.Release|Any CPU.Build.0 = Release|Any CPU
		{E4AA10D6-0C34-4F0D-B249-9CB68B62268D}.Release|ARM.ActiveCfg = Release|Any CPU
		{E4AA10D6-0C34-4F0D-B249-9CB68B62268D}.Release|ARM.Build.0 = Release|Any CPU
		{E4AA10D6-0C34-4F0D-B249-9CB68B62268D}.Release|x64.ActiveCfg = Release|Any CPU
		{E4AA10D6-0C34-4F0D-B249-9CB68B62268D}.Release|x64.Build.0 = Release|Any CPU
		{E4AA10D6-0C34-4F0D-B249-9CB68B62268D}.Release|x86.ActiveCfg = Release|Any CPU
		{E4AA10D6-0C34-4F0D-B249-9CB68B62268D}.Release|x86.Build.0 = Release|Any CPU
		{20F77714-9A40-436C-BCB6-1DEF6531A9E5}.Debug|Any CPU.ActiveCfg = Debug|Any CPU
		{20F77714-9A40-436C-BCB6-1DEF6531A9E5}.Debug|Any CPU.Build.0 = Debug|Any CPU
		{20F77714-9A40-436C-BCB6-1DEF6531A9E5}.Debug|ARM.ActiveCfg = Debug|Any CPU
		{20F77714-9A40-436C-BCB6-1DEF6531A9E5}.Debug|ARM.Build.0 = Debug|Any CPU
		{20F77714-9A40-436C-BCB6-1DEF6531A9E5}.Debug|x64.ActiveCfg = Debug|Any CPU
		{20F77714-9A40-436C-BCB6-1DEF6531A9E5}.Debug|x64.Build.0 = Debug|Any CPU
		{20F77714-9A40-436C-BCB6-1DEF6531A9E5}.Debug|x86.ActiveCfg = Debug|Any CPU
		{20F77714-9A40-436C-BCB6-1DEF6531A9E5}.Debug|x86.Build.0 = Debug|Any CPU
		{20F77714-9A40-436C-BCB6-1DEF6531A9E5}.Release|Any CPU.ActiveCfg = Release|Any CPU
		{20F77714-9A40-436C-BCB6-1DEF6531A9E5}.Release|Any CPU.Build.0 = Release|Any CPU
		{20F77714-9A40-436C-BCB6-1DEF6531A9E5}.Release|ARM.ActiveCfg = Release|Any CPU
		{20F77714-9A40-436C-BCB6-1DEF6531A9E5}.Release|ARM.Build.0 = Release|Any CPU
		{20F77714-9A40-436C-BCB6-1DEF6531A9E5}.Release|x64.ActiveCfg = Release|Any CPU
		{20F77714-9A40-436C-BCB6-1DEF6531A9E5}.Release|x64.Build.0 = Release|Any CPU
		{20F77714-9A40-436C-BCB6-1DEF6531A9E5}.Release|x86.ActiveCfg = Release|Any CPU
		{20F77714-9A40-436C-BCB6-1DEF6531A9E5}.Release|x86.Build.0 = Release|Any CPU
		{CC0806AA-2E97-4E91-818D-0C8978686ED0}.Debug|Any CPU.ActiveCfg = Debug|Any CPU
		{CC0806AA-2E97-4E91-818D-0C8978686ED0}.Debug|Any CPU.Build.0 = Debug|Any CPU
		{CC0806AA-2E97-4E91-818D-0C8978686ED0}.Debug|ARM.ActiveCfg = Debug|Any CPU
		{CC0806AA-2E97-4E91-818D-0C8978686ED0}.Debug|ARM.Build.0 = Debug|Any CPU
		{CC0806AA-2E97-4E91-818D-0C8978686ED0}.Debug|x64.ActiveCfg = Debug|Any CPU
		{CC0806AA-2E97-4E91-818D-0C8978686ED0}.Debug|x64.Build.0 = Debug|Any CPU
		{CC0806AA-2E97-4E91-818D-0C8978686ED0}.Debug|x86.ActiveCfg = Debug|Any CPU
		{CC0806AA-2E97-4E91-818D-0C8978686ED0}.Debug|x86.Build.0 = Debug|Any CPU
		{CC0806AA-2E97-4E91-818D-0C8978686ED0}.Release|Any CPU.ActiveCfg = Release|Any CPU
		{CC0806AA-2E97-4E91-818D-0C8978686ED0}.Release|Any CPU.Build.0 = Release|Any CPU
		{CC0806AA-2E97-4E91-818D-0C8978686ED0}.Release|ARM.ActiveCfg = Release|Any CPU
		{CC0806AA-2E97-4E91-818D-0C8978686ED0}.Release|ARM.Build.0 = Release|Any CPU
		{CC0806AA-2E97-4E91-818D-0C8978686ED0}.Release|x64.ActiveCfg = Release|Any CPU
		{CC0806AA-2E97-4E91-818D-0C8978686ED0}.Release|x64.Build.0 = Release|Any CPU
		{CC0806AA-2E97-4E91-818D-0C8978686ED0}.Release|x86.ActiveCfg = Release|Any CPU
		{CC0806AA-2E97-4E91-818D-0C8978686ED0}.Release|x86.Build.0 = Release|Any CPU
		{7691D3D2-BC6F-4A96-95EF-5DB532DE72C8}.Debug|Any CPU.ActiveCfg = Debug|Any CPU
		{7691D3D2-BC6F-4A96-95EF-5DB532DE72C8}.Debug|Any CPU.Build.0 = Debug|Any CPU
		{7691D3D2-BC6F-4A96-95EF-5DB532DE72C8}.Debug|ARM.ActiveCfg = Debug|Any CPU
		{7691D3D2-BC6F-4A96-95EF-5DB532DE72C8}.Debug|ARM.Build.0 = Debug|Any CPU
		{7691D3D2-BC6F-4A96-95EF-5DB532DE72C8}.Debug|x64.ActiveCfg = Debug|Any CPU
		{7691D3D2-BC6F-4A96-95EF-5DB532DE72C8}.Debug|x64.Build.0 = Debug|Any CPU
		{7691D3D2-BC6F-4A96-95EF-5DB532DE72C8}.Debug|x86.ActiveCfg = Debug|Any CPU
		{7691D3D2-BC6F-4A96-95EF-5DB532DE72C8}.Debug|x86.Build.0 = Debug|Any CPU
		{7691D3D2-BC6F-4A96-95EF-5DB532DE72C8}.Release|Any CPU.ActiveCfg = Release|Any CPU
		{7691D3D2-BC6F-4A96-95EF-5DB532DE72C8}.Release|Any CPU.Build.0 = Release|Any CPU
		{7691D3D2-BC6F-4A96-95EF-5DB532DE72C8}.Release|ARM.ActiveCfg = Release|Any CPU
		{7691D3D2-BC6F-4A96-95EF-5DB532DE72C8}.Release|ARM.Build.0 = Release|Any CPU
		{7691D3D2-BC6F-4A96-95EF-5DB532DE72C8}.Release|x64.ActiveCfg = Release|Any CPU
		{7691D3D2-BC6F-4A96-95EF-5DB532DE72C8}.Release|x64.Build.0 = Release|Any CPU
		{7691D3D2-BC6F-4A96-95EF-5DB532DE72C8}.Release|x86.ActiveCfg = Release|Any CPU
		{7691D3D2-BC6F-4A96-95EF-5DB532DE72C8}.Release|x86.Build.0 = Release|Any CPU
	EndGlobalSection
	GlobalSection(SolutionProperties) = preSolution
		HideSolutionNode = FALSE
	EndGlobalSection
	GlobalSection(NestedProjects) = preSolution
		{BD24CE0F-64F8-401F-B4F8-9A90AE5519C0} = {635A68FC-B9B4-4309-A38F-F1694E554CC6}
		{1BF8837E-F134-4DEC-B579-8B55987806BB} = {635A68FC-B9B4-4309-A38F-F1694E554CC6}
		{BEF616AC-85F6-4E78-9203-1B702436DA3E} = {110ACF0D-B3BE-4CC5-852C-25099B9415DD}
		{066BEA3C-2210-4E2B-B3F1-8CD598FDE85B} = {110ACF0D-B3BE-4CC5-852C-25099B9415DD}
		{5DD29466-65A6-468D-B544-A6D600F4F288} = {245A8AB7-A323-44D9-AAFE-D2F5B7189C27}
		{635A68FC-B9B4-4309-A38F-F1694E554CC6} = {97F7D93B-ACC7-42EE-88D0-DE2C77C1964D}
		{245A8AB7-A323-44D9-AAFE-D2F5B7189C27} = {97F7D93B-ACC7-42EE-88D0-DE2C77C1964D}
		{110ACF0D-B3BE-4CC5-852C-25099B9415DD} = {E0B6152D-4921-4A22-ACD9-4FD39AD8E8C2}
		{E4AA10D6-0C34-4F0D-B249-9CB68B62268D} = {245A8AB7-A323-44D9-AAFE-D2F5B7189C27}
		{20F77714-9A40-436C-BCB6-1DEF6531A9E5} = {245A8AB7-A323-44D9-AAFE-D2F5B7189C27}
		{D7AC2CDA-BBDD-4B4C-B744-5A6489F691D0} = {97F7D93B-ACC7-42EE-88D0-DE2C77C1964D}
		{CC0806AA-2E97-4E91-818D-0C8978686ED0} = {D7AC2CDA-BBDD-4B4C-B744-5A6489F691D0}
		{7691D3D2-BC6F-4A96-95EF-5DB532DE72C8} = {245A8AB7-A323-44D9-AAFE-D2F5B7189C27}
	EndGlobalSection
EndGlobal
